
Microsoft Visual Studio Solution File, Format Version 12.00
# Visual Studio Version 16
VisualStudioVersion = 16.0.32002.261
MinimumVisualStudioVersion = 10.0.40219.1
Project("{D2ABAB84-BF74-430A-B69E-9DC6D40DDA17}") = "Analysis Services Project2", "Analysis Services Project2\Analysis Services Project2.dwproj", "{15603F1B-5568-4A0D-8713-C5A0B3373BF1}"
EndProject
Project("{F14B399A-7131-4C87-9E4B-1186C45EF12D}") = "MainProject", "..\..\Users\sohra\Dropbox\SSAS\Main Project\Main Project\MainProject - SSRS\MainProject\MainProject\MainProject.rptproj", "{678ED3C0-96A7-43BC-BD1B-610A2ABCCC27}"
EndProject
Global
	GlobalSection(SolutionConfigurationPlatforms) = preSolution
		Debug|Default = Debug|Default
		DebugLocal|Default = DebugLocal|Default
		Development|Default = Development|Default
		Release|Default = Release|Default
	EndGlobalSection
	GlobalSection(ProjectConfigurationPlatforms) = postSolution
		{15603F1B-5568-4A0D-8713-C5A0B3373BF1}.Debug|Default.ActiveCfg = Development
		{15603F1B-5568-4A0D-8713-C5A0B3373BF1}.Debug|Default.Build.0 = Development
		{15603F1B-5568-4A0D-8713-C5A0B3373BF1}.Debug|Default.Deploy.0 = Development
		{15603F1B-5568-4A0D-8713-C5A0B3373BF1}.DebugLocal|Default.ActiveCfg = Development
		{15603F1B-5568-4A0D-8713-C5A0B3373BF1}.DebugLocal|Default.Build.0 = Development
		{15603F1B-5568-4A0D-8713-C5A0B3373BF1}.DebugLocal|Default.Deploy.0 = Development
		{15603F1B-5568-4A0D-8713-C5A0B3373BF1}.Development|Default.ActiveCfg = Development
		{15603F1B-5568-4A0D-8713-C5A0B3373BF1}.Development|Default.Build.0 = Development
		{15603F1B-5568-4A0D-8713-C5A0B3373BF1}.Development|Default.Deploy.0 = Development
		{15603F1B-5568-4A0D-8713-C5A0B3373BF1}.Release|Default.ActiveCfg = Development
		{15603F1B-5568-4A0D-8713-C5A0B3373BF1}.Release|Default.Build.0 = Development
		{15603F1B-5568-4A0D-8713-C5A0B3373BF1}.Release|Default.Deploy.0 = Development
		{678ED3C0-96A7-43BC-BD1B-610A2ABCCC27}.Debug|Default.ActiveCfg = Debug
		{678ED3C0-96A7-43BC-BD1B-610A2ABCCC27}.Debug|Default.Build.0 = Debug
		{678ED3C0-96A7-43BC-BD1B-610A2ABCCC27}.Debug|Default.Deploy.0 = Debug
		{678ED3C0-96A7-43BC-BD1B-610A2ABCCC27}.DebugLocal|Default.ActiveCfg = DebugLocal
		{678ED3C0-96A7-43BC-BD1B-610A2ABCCC27}.DebugLocal|Default.Build.0 = DebugLocal
		{678ED3C0-96A7-43BC-BD1B-610A2ABCCC27}.DebugLocal|Default.Deploy.0 = DebugLocal
		{678ED3C0-96A7-43BC-BD1B-610A2ABCCC27}.Development|Default.ActiveCfg = 
		{678ED3C0-96A7-43BC-BD1B-610A2ABCCC27}.Development|Default.Build.0 = 
		{678ED3C0-96A7-43BC-BD1B-610A2ABCCC27}.Development|Default.Deploy.0 = 
		{678ED3C0-96A7-43BC-BD1B-610A2ABCCC27}.Release|Default.ActiveCfg = Release
		{678ED3C0-96A7-43BC-BD1B-610A2ABCCC27}.Release|Default.Build.0 = Release
		{678ED3C0-96A7-43BC-BD1B-610A2ABCCC27}.Release|Default.Deploy.0 = Release
	EndGlobalSection
	GlobalSection(SolutionProperties) = preSolution
		HideSolutionNode = FALSE
	EndGlobalSection
	GlobalSection(ExtensibilityGlobals) = postSolution
		SolutionGuid = {C663C971-CD8F-484E-8DF3-8BF758C531DF}
	EndGlobalSection
EndGlobal
